
Microsoft Visual Studio Solution File, Format Version 12.00
Project("{2150E333-8FDC-42A3-9474-1A3956D46DE8}") = "Wasm", "Wasm", "{4B03AC53-E1A8-4469-941C-0F32D7F355ED}"
EndProject
Project("{2150E333-8FDC-42A3-9474-1A3956D46DE8}") = "WasmHosted", "WasmHosted", "{598970F8-0A5A-4D41-94A3-8C9D5E0D9A83}"
EndProject
Project("{2150E333-8FDC-42A3-9474-1A3956D46DE8}") = "BlazorServer", "BlazorServer", "{EE5BF85C-E9C8-4C91-BBB1-B2C3954175F0}"
EndProject
Project("{FAE04EC0-301F-11D3-BF4B-00C04F79EFBC}") = "Wasm", "Wasm\Wasm.csproj", "{1E8298E6-5A0A-46EE-BE9E-873256F4C2E6}"
EndProject
Project("{FAE04EC0-301F-11D3-BF4B-00C04F79EFBC}") = "WasmHosted.Shared", "WasmHosted\Shared\WasmHosted.Shared.csproj", "{18661C06-C50C-4AD4-B88F-DE271273388B}"
EndProject
Project("{FAE04EC0-301F-11D3-BF4B-00C04F79EFBC}") = "WasmHosted.Server", "WasmHosted\Server\WasmHosted.Server.csproj", "{83C57ECD-FBF9-46D1-928C-10E755D3917B}"
EndProject
Project("{FAE04EC0-301F-11D3-BF4B-00C04F79EFBC}") = "WasmHosted.Client", "WasmHosted\Client\WasmHosted.Client.csproj", "{467C6E96-7096-4668-8F64-01B8C62AEF07}"
EndProject
Project("{2150E333-8FDC-42A3-9474-1A3956D46DE8}") = "ComponentsLibrary", "ComponentsLibrary", "{001F1024-6FEF-48DC-8E3F-C3DD3FDDE8B1}"
EndProject
Project("{FAE04EC0-301F-11D3-BF4B-00C04F79EFBC}") = "ComponentsLibrary", "ComponentsLibrary\ComponentsLibrary.csproj", "{C3DE8B8B-6D15-4A7B-A96C-FDBEDEE460C8}"
EndProject
Project("{2150E333-8FDC-42A3-9474-1A3956D46DE8}") = "Tests", "Tests", "{6CBD750E-7372-48D1-A92E-0ABAC0957BE6}"
EndProject
Project("{FAE04EC0-301F-11D3-BF4B-00C04F79EFBC}") = "ComponentLibraryTests", "Tests\ComponentLibraryTests\ComponentLibraryTests.csproj", "{DD965AB5-3FCB-435C-BC18-3E715CB4309D}"
EndProject
Project("{2150E333-8FDC-42A3-9474-1A3956D46DE8}") = "WasmHosted", "WasmHosted", "{86AD3B8D-29B2-41D2-A7F8-D2ACDB71B8D5}"
EndProject
Project("{FAE04EC0-301F-11D3-BF4B-00C04F79EFBC}") = "WasmHosted.ClientTests", "Tests\WasmHosted\ClientTests\WasmHosted.ClientTests.csproj", "{71ED4B2A-6D2F-4A8C-947D-6F12AD9AFB48}"
EndProject
Project("{FAE04EC0-301F-11D3-BF4B-00C04F79EFBC}") = "BlazorServer", "BlazorServer\BlazorServer\BlazorServer.csproj", "{C994C06B-A832-4705-B533-4330CABD7CDE}"
EndProject
Global
	GlobalSection(SolutionConfigurationPlatforms) = preSolution
		Debug|Any CPU = Debug|Any CPU
		Release|Any CPU = Release|Any CPU
	EndGlobalSection
	GlobalSection(ProjectConfigurationPlatforms) = postSolution
		{1E8298E6-5A0A-46EE-BE9E-873256F4C2E6}.Debug|Any CPU.ActiveCfg = Debug|Any CPU
		{1E8298E6-5A0A-46EE-BE9E-873256F4C2E6}.Debug|Any CPU.Build.0 = Debug|Any CPU
		{1E8298E6-5A0A-46EE-BE9E-873256F4C2E6}.Release|Any CPU.ActiveCfg = Release|Any CPU
		{1E8298E6-5A0A-46EE-BE9E-873256F4C2E6}.Release|Any CPU.Build.0 = Release|Any CPU
		{18661C06-C50C-4AD4-B88F-DE271273388B}.Debug|Any CPU.ActiveCfg = Debug|Any CPU
		{18661C06-C50C-4AD4-B88F-DE271273388B}.Debug|Any CPU.Build.0 = Debug|Any CPU
		{18661C06-C50C-4AD4-B88F-DE271273388B}.Release|Any CPU.ActiveCfg = Release|Any CPU
		{18661C06-C50C-4AD4-B88F-DE271273388B}.Release|Any CPU.Build.0 = Release|Any CPU
		{83C57ECD-FBF9-46D1-928C-10E755D3917B}.Debug|Any CPU.ActiveCfg = Debug|Any CPU
		{83C57ECD-FBF9-46D1-928C-10E755D3917B}.Debug|Any CPU.Build.0 = Debug|Any CPU
		{83C57ECD-FBF9-46D1-928C-10E755D3917B}.Release|Any CPU.ActiveCfg = Release|Any CPU
		{83C57ECD-FBF9-46D1-928C-10E755D3917B}.Release|Any CPU.Build.0 = Release|Any CPU
		{467C6E96-7096-4668-8F64-01B8C62AEF07}.Debug|Any CPU.ActiveCfg = Debug|Any CPU
		{467C6E96-7096-4668-8F64-01B8C62AEF07}.Debug|Any CPU.Build.0 = Debug|Any CPU
		{467C6E96-7096-4668-8F64-01B8C62AEF07}.Release|Any CPU.ActiveCfg = Release|Any CPU
		{467C6E96-7096-4668-8F64-01B8C62AEF07}.Release|Any CPU.Build.0 = Release|Any CPU
		{C3DE8B8B-6D15-4A7B-A96C-FDBEDEE460C8}.Debug|Any CPU.ActiveCfg = Debug|Any CPU
		{C3DE8B8B-6D15-4A7B-A96C-FDBEDEE460C8}.Debug|Any CPU.Build.0 = Debug|Any CPU
		{C3DE8B8B-6D15-4A7B-A96C-FDBEDEE460C8}.Release|Any CPU.ActiveCfg = Release|Any CPU
		{C3DE8B8B-6D15-4A7B-A96C-FDBEDEE460C8}.Release|Any CPU.Build.0 = Release|Any CPU
		{DD965AB5-3FCB-435C-BC18-3E715CB4309D}.Debug|Any CPU.ActiveCfg = Debug|Any CPU
		{DD965AB5-3FCB-435C-BC18-3E715CB4309D}.Debug|Any CPU.Build.0 = Debug|Any CPU
		{DD965AB5-3FCB-435C-BC18-3E715CB4309D}.Release|Any CPU.ActiveCfg = Release|Any CPU
		{DD965AB5-3FCB-435C-BC18-3E715CB4309D}.Release|Any CPU.Build.0 = Release|Any CPU
		{71ED4B2A-6D2F-4A8C-947D-6F12AD9AFB48}.Debug|Any CPU.ActiveCfg = Debug|Any CPU
		{71ED4B2A-6D2F-4A8C-947D-6F12AD9AFB48}.Debug|Any CPU.Build.0 = Debug|Any CPU
		{71ED4B2A-6D2F-4A8C-947D-6F12AD9AFB48}.Release|Any CPU.ActiveCfg = Release|Any CPU
		{71ED4B2A-6D2F-4A8C-947D-6F12AD9AFB48}.Release|Any CPU.Build.0 = Release|Any CPU
		{C994C06B-A832-4705-B533-4330CABD7CDE}.Debug|Any CPU.ActiveCfg = Debug|Any CPU
		{C994C06B-A832-4705-B533-4330CABD7CDE}.Debug|Any CPU.Build.0 = Debug|Any CPU
		{C994C06B-A832-4705-B533-4330CABD7CDE}.Release|Any CPU.ActiveCfg = Release|Any CPU
		{C994C06B-A832-4705-B533-4330CABD7CDE}.Release|Any CPU.Build.0 = Release|Any CPU
	EndGlobalSection
	GlobalSection(NestedProjects) = preSolution
		{1E8298E6-5A0A-46EE-BE9E-873256F4C2E6} = {4B03AC53-E1A8-4469-941C-0F32D7F355ED}
		{18661C06-C50C-4AD4-B88F-DE271273388B} = {598970F8-0A5A-4D41-94A3-8C9D5E0D9A83}
		{83C57ECD-FBF9-46D1-928C-10E755D3917B} = {598970F8-0A5A-4D41-94A3-8C9D5E0D9A83}
		{467C6E96-7096-4668-8F64-01B8C62AEF07} = {598970F8-0A5A-4D41-94A3-8C9D5E0D9A83}
		{C3DE8B8B-6D15-4A7B-A96C-FDBEDEE460C8} = {001F1024-6FEF-48DC-8E3F-C3DD3FDDE8B1}
		{DD965AB5-3FCB-435C-BC18-3E715CB4309D} = {6CBD750E-7372-48D1-A92E-0ABAC0957BE6}
		{86AD3B8D-29B2-41D2-A7F8-D2ACDB71B8D5} = {6CBD750E-7372-48D1-A92E-0ABAC0957BE6}
		{71ED4B2A-6D2F-4A8C-947D-6F12AD9AFB48} = {86AD3B8D-29B2-41D2-A7F8-D2ACDB71B8D5}
		{C994C06B-A832-4705-B533-4330CABD7CDE} = {EE5BF85C-E9C8-4C91-BBB1-B2C3954175F0}
	EndGlobalSection
EndGlobal
